
Microsoft Visual Studio Solution File, Format Version 12.00
# Visual Studio Version 17
VisualStudioVersion = 17.13.35825.156 d17.13
MinimumVisualStudioVersion = 10.0.40219.1
Project("{8BC9CEB8-8B4A-11D0-8D11-00A0C91BC942}") = "snake-game-sdl2", "snake-game-sdl2.vcxproj", "{DA2E99F4-C9D9-4053-B3C5-A7E72448F1C4}"
EndProject
Global
	GlobalSection(SolutionConfigurationPlatforms) = preSolution
		Debug|x64 = Debug|x64
		Debug|x86 = Debug|x86
		Release|x64 = Release|x64
		Release|x86 = Release|x86
	EndGlobalSection
	GlobalSection(ProjectConfigurationPlatforms) = postSolution
		{DA2E99F4-C9D9-4053-B3C5-A7E72448F1C4}.Debug|x64.ActiveCfg = Debug|x64
		{DA2E99F4-C9D9-4053-B3C5-A7E72448F1C4}.Debug|x64.Build.0 = Debug|x64
		{DA2E99F4-C9D9-4053-B3C5-A7E72448F1C4}.Debug|x86.ActiveCfg = Debug|Win32
		{DA2E99F4-C9D9-4053-B3C5-A7E72448F1C4}.Debug|x86.Build.0 = Debug|Win32
		{DA2E99F4-C9D9-4053-B3C5-A7E72448F1C4}.Release|x64.ActiveCfg = Release|x64
		{DA2E99F4-C9D9-4053-B3C5-A7E72448F1C4}.Release|x64.Build.0 = Release|x64
		{DA2E99F4-C9D9-4053-B3C5-A7E72448F1C4}.Release|x86.ActiveCfg = Release|Win32
		{DA2E99F4-C9D9-4053-B3C5-A7E72448F1C4}.Release|x86.Build.0 = Release|Win32
	EndGlobalSection
	GlobalSection(SolutionProperties) = preSolution
		HideSolutionNode = FALSE
	EndGlobalSection
	GlobalSection(ExtensibilityGlobals) = postSolution
		SolutionGuid = {41B8C6D4-8AF9-4FAC-9312-3CC9C739DA6A}
	EndGlobalSection
EndGlobal
